
Microsoft Visual Studio Solution File, Format Version 12.00
# Visual Studio Version 17
VisualStudioVersion = 17.0.31903.59
MinimumVisualStudioVersion = 10.0.40219.1
Project("{2150E333-8FDC-42A3-9474-1A3956D46DE8}") = "src", "src", "{827E0CD3-B72D-47B6-A68D-7590B98EB39B}"
EndProject
Project("{FAE04EC0-301F-11D3-BF4B-00C04F79EFBC}") = "InvestmentApp.Domain", "src\InvestmentApp.Domain\InvestmentApp.Domain.csproj", "{2275F13D-124D-4F2C-AE7C-A4F382CC48ED}"
EndProject
Project("{FAE04EC0-301F-11D3-BF4B-00C04F79EFBC}") = "InvestmentApp.Application", "src\InvestmentApp.Application\InvestmentApp.Application.csproj", "{631B2EB7-C9CF-477C-93F4-8CFFB604627A}"
EndProject
Project("{FAE04EC0-301F-11D3-BF4B-00C04F79EFBC}") = "InvestmentApp.Infrastructure", "src\InvestmentApp.Infrastructure\InvestmentApp.Infrastructure.csproj", "{B8F886C0-AE74-409C-9C68-DD32A047A2CA}"
EndProject
Project("{FAE04EC0-301F-11D3-BF4B-00C04F79EFBC}") = "InvestmentApp.Api", "src\InvestmentApp.Api\InvestmentApp.Api.csproj", "{6AB2F628-BC6F-4036-A7E0-C13884B7D004}"
EndProject
Project("{FAE04EC0-301F-11D3-BF4B-00C04F79EFBC}") = "InvestmentApp.Worker", "src\InvestmentApp.Worker\InvestmentApp.Worker.csproj", "{A03BC252-18FE-413B-A744-01C8FB0F648D}"
EndProject
Project("{2150E333-8FDC-42A3-9474-1A3956D46DE8}") = "tests", "tests", "{0AB3BF05-4346-4AA6-1389-037BE0695223}"
EndProject
Project("{FAE04EC0-301F-11D3-BF4B-00C04F79EFBC}") = "InvestmentApp.Domain.Tests", "tests\InvestmentApp.Domain.Tests\InvestmentApp.Domain.Tests.csproj", "{6789D89E-FCFF-42F9-8C0E-91FC3BF1097E}"
EndProject
Project("{FAE04EC0-301F-11D3-BF4B-00C04F79EFBC}") = "InvestmentApp.Application.Tests", "tests\InvestmentApp.Application.Tests\InvestmentApp.Application.Tests.csproj", "{40777BA9-A94A-4E32-B98C-A13F88D8E705}"
EndProject
Project("{FAE04EC0-301F-11D3-BF4B-00C04F79EFBC}") = "InvestmentApp.Api.Tests", "tests\InvestmentApp.Api.Tests\InvestmentApp.Api.Tests.csproj", "{32F8B336-DDD1-4224-BA52-2DCDAEBB5CE5}"
EndProject
Project("{FAE04EC0-301F-11D3-BF4B-00C04F79EFBC}") = "InvestmentApp.Infrastructure.Tests", "tests\InvestmentApp.Infrastructure.Tests\InvestmentApp.Infrastructure.Tests.csproj", "{A8200709-598A-4C24-A085-DF0E6984182A}"
EndProject
Global
	GlobalSection(SolutionConfigurationPlatforms) = preSolution
		Debug|Any CPU = Debug|Any CPU
		Debug|x64 = Debug|x64
		Debug|x86 = Debug|x86
		Release|Any CPU = Release|Any CPU
		Release|x64 = Release|x64
		Release|x86 = Release|x86
	EndGlobalSection
	GlobalSection(ProjectConfigurationPlatforms) = postSolution
		{2275F13D-124D-4F2C-AE7C-A4F382CC48ED}.Debug|Any CPU.ActiveCfg = Debug|Any CPU
		{2275F13D-124D-4F2C-AE7C-A4F382CC48ED}.Debug|Any CPU.Build.0 = Debug|Any CPU
		{2275F13D-124D-4F2C-AE7C-A4F382CC48ED}.Debug|x64.ActiveCfg = Debug|Any CPU
		{2275F13D-124D-4F2C-AE7C-A4F382CC48ED}.Debug|x64.Build.0 = Debug|Any CPU
		{2275F13D-124D-4F2C-AE7C-A4F382CC48ED}.Debug|x86.ActiveCfg = Debug|Any CPU
		{2275F13D-124D-4F2C-AE7C-A4F382CC48ED}.Debug|x86.Build.0 = Debug|Any CPU
		{2275F13D-124D-4F2C-AE7C-A4F382CC48ED}.Release|Any CPU.ActiveCfg = Release|Any CPU
		{2275F13D-124D-4F2C-AE7C-A4F382CC48ED}.Release|Any CPU.Build.0 = Release|Any CPU
		{2275F13D-124D-4F2C-AE7C-A4F382CC48ED}.Release|x64.ActiveCfg = Release|Any CPU
		{2275F13D-124D-4F2C-AE7C-A4F382CC48ED}.Release|x64.Build.0 = Release|Any CPU
		{2275F13D-124D-4F2C-AE7C-A4F382CC48ED}.Release|x86.ActiveCfg = Release|Any CPU
		{2275F13D-124D-4F2C-AE7C-A4F382CC48ED}.Release|x86.Build.0 = Release|Any CPU
		{631B2EB7-C9CF-477C-93F4-8CFFB604627A}.Debug|Any CPU.ActiveCfg = Debug|Any CPU
		{631B2EB7-C9CF-477C-93F4-8CFFB604627A}.Debug|Any CPU.Build.0 = Debug|Any CPU
		{631B2EB7-C9CF-477C-93F4-8CFFB604627A}.Debug|x64.ActiveCfg = Debug|Any CPU
		{631B2EB7-C9CF-477C-93F4-8CFFB604627A}.Debug|x64.Build.0 = Debug|Any CPU
		{631B2EB7-C9CF-477C-93F4-8CFFB604627A}.Debug|x86.ActiveCfg = Debug|Any CPU
		{631B2EB7-C9CF-477C-93F4-8CFFB604627A}.Debug|x86.Build.0 = Debug|Any CPU
		{631B2EB7-C9CF-477C-93F4-8CFFB604627A}.Release|Any CPU.ActiveCfg = Release|Any CPU
		{631B2EB7-C9CF-477C-93F4-8CFFB604627A}.Release|Any CPU.Build.0 = Release|Any CPU
		{631B2EB7-C9CF-477C-93F4-8CFFB604627A}.Release|x64.ActiveCfg = Release|Any CPU
		{631B2EB7-C9CF-477C-93F4-8CFFB604627A}.Release|x64.Build.0 = Release|Any CPU
		{631B2EB7-C9CF-477C-93F4-8CFFB604627A}.Release|x86.ActiveCfg = Release|Any CPU
		{631B2EB7-C9CF-477C-93F4-8CFFB604627A}.Release|x86.Build.0 = Release|Any CPU
		{B8F886C0-AE74-409C-9C68-DD32A047A2CA}.Debug|Any CPU.ActiveCfg = Debug|Any CPU
		{B8F886C0-AE74-409C-9C68-DD32A047A2CA}.Debug|Any CPU.Build.0 = Debug|Any CPU
		{B8F886C0-AE74-409C-9C68-DD32A047A2CA}.Debug|x64.ActiveCfg = Debug|Any CPU
		{B8F886C0-AE74-409C-9C68-DD32A047A2CA}.Debug|x64.Build.0 = Debug|Any CPU
		{B8F886C0-AE74-409C-9C68-DD32A047A2CA}.Debug|x86.ActiveCfg = Debug|Any CPU
		{B8F886C0-AE74-409C-9C68-DD32A047A2CA}.Debug|x86.Build.0 = Debug|Any CPU
		{B8F886C0-AE74-409C-9C68-DD32A047A2CA}.Release|Any CPU.ActiveCfg = Release|Any CPU
		{B8F886C0-AE74-409C-9C68-DD32A047A2CA}.Release|Any CPU.Build.0 = Release|Any CPU
		{B8F886C0-AE74-409C-9C68-DD32A047A2CA}.Release|x64.ActiveCfg = Release|Any CPU
		{B8F886C0-AE74-409C-9C68-DD32A047A2CA}.Release|x64.Build.0 = Release|Any CPU
		{B8F886C0-AE74-409C-9C68-DD32A047A2CA}.Release|x86.ActiveCfg = Release|Any CPU
		{B8F886C0-AE74-409C-9C68-DD32A047A2CA}.Release|x86.Build.0 = Release|Any CPU
		{6AB2F628-BC6F-4036-A7E0-C13884B7D004}.Debug|Any CPU.ActiveCfg = Debug|Any CPU
		{6AB2F628-BC6F-4036-A7E0-C13884B7D004}.Debug|Any CPU.Build.0 = Debug|Any CPU
		{6AB2F628-BC6F-4036-A7E0-C13884B7D004}.Debug|x64.ActiveCfg = Debug|Any CPU
		{6AB2F628-BC6F-4036-A7E0-C13884B7D004}.Debug|x64.Build.0 = Debug|Any CPU
		{6AB2F628-BC6F-4036-A7E0-C13884B7D004}.Debug|x86.ActiveCfg = Debug|Any CPU
		{6AB2F628-BC6F-4036-A7E0-C13884B7D004}.Debug|x86.Build.0 = Debug|Any CPU
		{6AB2F628-BC6F-4036-A7E0-C13884B7D004}.Release|Any CPU.ActiveCfg = Release|Any CPU
		{6AB2F628-BC6F-4036-A7E0-C13884B7D004}.Release|Any CPU.Build.0 = Release|Any CPU
		{6AB2F628-BC6F-4036-A7E0-C13884B7D004}.Release|x64.ActiveCfg = Release|Any CPU
		{6AB2F628-BC6F-4036-A7E0-C13884B7D004}.Release|x64.Build.0 = Release|Any CPU
		{6AB2F628-BC6F-4036-A7E0-C13884B7D004}.Release|x86.ActiveCfg = Release|Any CPU
		{6AB2F628-BC6F-4036-A7E0-C13884B7D004}.Release|x86.Build.0 = Release|Any CPU
		{A03BC252-18FE-413B-A744-01C8FB0F648D}.Debug|Any CPU.ActiveCfg = Debug|Any CPU
		{A03BC252-18FE-413B-A744-01C8FB0F648D}.Debug|Any CPU.Build.0 = Debug|Any CPU
		{A03BC252-18FE-413B-A744-01C8FB0F648D}.Debug|x64.ActiveCfg = Debug|Any CPU
		{A03BC252-18FE-413B-A744-01C8FB0F648D}.Debug|x64.Build.0 = Debug|Any CPU
		{A03BC252-18FE-413B-A744-01C8FB0F648D}.Debug|x86.ActiveCfg = Debug|Any CPU
		{A03BC252-18FE-413B-A744-01C8FB0F648D}.Debug|x86.Build.0 = Debug|Any CPU
		{A03BC252-18FE-413B-A744-01C8FB0F648D}.Release|Any CPU.ActiveCfg = Release|Any CPU
		{A03BC252-18FE-413B-A744-01C8FB0F648D}.Release|Any CPU.Build.0 = Release|Any CPU
		{A03BC252-18FE-413B-A744-01C8FB0F648D}.Release|x64.ActiveCfg = Release|Any CPU
		{A03BC252-18FE-413B-A744-01C8FB0F648D}.Release|x64.Build.0 = Release|Any CPU
		{A03BC252-18FE-413B-A744-01C8FB0F648D}.Release|x86.ActiveCfg = Release|Any CPU
		{A03BC252-18FE-413B-A744-01C8FB0F648D}.Release|x86.Build.0 = Release|Any CPU
		{6789D89E-FCFF-42F9-8C0E-91FC3BF1097E}.Debug|Any CPU.ActiveCfg = Debug|Any CPU
		{6789D89E-FCFF-42F9-8C0E-91FC3BF1097E}.Debug|Any CPU.Build.0 = Debug|Any CPU
		{6789D89E-FCFF-42F9-8C0E-91FC3BF1097E}.Debug|x64.ActiveCfg = Debug|Any CPU
		{6789D89E-FCFF-42F9-8C0E-91FC3BF1097E}.Debug|x64.Build.0 = Debug|Any CPU
		{6789D89E-FCFF-42F9-8C0E-91FC3BF1097E}.Debug|x86.ActiveCfg = Debug|Any CPU
		{6789D89E-FCFF-42F9-8C0E-91FC3BF1097E}.Debug|x86.Build.0 = Debug|Any CPU
		{6789D89E-FCFF-42F9-8C0E-91FC3BF1097E}.Release|Any CPU.ActiveCfg = Release|Any CPU
		{6789D89E-FCFF-42F9-8C0E-91FC3BF1097E}.Release|Any CPU.Build.0 = Release|Any CPU
		{6789D89E-FCFF-42F9-8C0E-91FC3BF1097E}.Release|x64.ActiveCfg = Release|Any CPU
		{6789D89E-FCFF-42F9-8C0E-91FC3BF1097E}.Release|x64.Build.0 = Release|Any CPU
		{6789D89E-FCFF-42F9-8C0E-91FC3BF1097E}.Release|x86.ActiveCfg = Release|Any CPU
		{6789D89E-FCFF-42F9-8C0E-91FC3BF1097E}.Release|x86.Build.0 = Release|Any CPU
		{40777BA9-A94A-4E32-B98C-A13F88D8E705}.Debug|Any CPU.ActiveCfg = Debug|Any CPU
		{40777BA9-A94A-4E32-B98C-A13F88D8E705}.Debug|Any CPU.Build.0 = Debug|Any CPU
		{40777BA9-A94A-4E32-B98C-A13F88D8E705}.Debug|x64.ActiveCfg = Debug|Any CPU
		{40777BA9-A94A-4E32-B98C-A13F88D8E705}.Debug|x64.Build.0 = Debug|Any CPU
		{40777BA9-A94A-4E32-B98C-A13F88D8E705}.Debug|x86.ActiveCfg = Debug|Any CPU
		{40777BA9-A94A-4E32-B98C-A13F88D8E705}.Debug|x86.Build.0 = Debug|Any CPU
		{40777BA9-A94A-4E32-B98C-A13F88D8E705}.Release|Any CPU.ActiveCfg = Release|Any CPU
		{40777BA9-A94A-4E32-B98C-A13F88D8E705}.Release|Any CPU.Build.0 = Release|Any CPU
		{40777BA9-A94A-4E32-B98C-A13F88D8E705}.Release|x64.ActiveCfg = Release|Any CPU
		{40777BA9-A94A-4E32-B98C-A13F88D8E705}.Release|x64.Build.0 = Release|Any CPU
		{40777BA9-A94A-4E32-B98C-A13F88D8E705}.Release|x86.ActiveCfg = Release|Any CPU
		{40777BA9-A94A-4E32-B98C-A13F88D8E705}.Release|x86.Build.0 = Release|Any CPU
		{32F8B336-DDD1-4224-BA52-2DCDAEBB5CE5}.Debug|Any CPU.ActiveCfg = Debug|Any CPU
		{32F8B336-DDD1-4224-BA52-2DCDAEBB5CE5}.Debug|Any CPU.Build.0 = Debug|Any CPU
		{32F8B336-DDD1-4224-BA52-2DCDAEBB5CE5}.Debug|x64.ActiveCfg = Debug|Any CPU
		{32F8B336-DDD1-4224-BA52-2DCDAEBB5CE5}.Debug|x64.Build.0 = Debug|Any CPU
		{32F8B336-DDD1-4224-BA52-2DCDAEBB5CE5}.Debug|x86.ActiveCfg = Debug|Any CPU
		{32F8B336-DDD1-4224-BA52-2DCDAEBB5CE5}.Debug|x86.Build.0 = Debug|Any CPU
		{32F8B336-DDD1-4224-BA52-2DCDAEBB5CE5}.Release|Any CPU.ActiveCfg = Release|Any CPU
		{32F8B336-DDD1-4224-BA52-2DCDAEBB5CE5}.Release|Any CPU.Build.0 = Release|Any CPU
		{32F8B336-DDD1-4224-BA52-2DCDAEBB5CE5}.Release|x64.ActiveCfg = Release|Any CPU
		{32F8B336-DDD1-4224-BA52-2DCDAEBB5CE5}.Release|x64.Build.0 = Release|Any CPU
		{32F8B336-DDD1-4224-BA52-2DCDAEBB5CE5}.Release|x86.ActiveCfg = Release|Any CPU
		{32F8B336-DDD1-4224-BA52-2DCDAEBB5CE5}.Release|x86.Build.0 = Release|Any CPU
		{A8200709-598A-4C24-A085-DF0E6984182A}.Debug|Any CPU.ActiveCfg = Debug|Any CPU
		{A8200709-598A-4C24-A085-DF0E6984182A}.Debug|Any CPU.Build.0 = Debug|Any CPU
		{A8200709-598A-4C24-A085-DF0E6984182A}.Debug|x64.ActiveCfg = Debug|Any CPU
		{A8200709-598A-4C24-A085-DF0E6984182A}.Debug|x64.Build.0 = Debug|Any CPU
		{A8200709-598A-4C24-A085-DF0E6984182A}.Debug|x86.ActiveCfg = Debug|Any CPU
		{A8200709-598A-4C24-A085-DF0E6984182A}.Debug|x86.Build.0 = Debug|Any CPU
		{A8200709-598A-4C24-A085-DF0E6984182A}.Release|Any CPU.ActiveCfg = Release|Any CPU
		{A8200709-598A-4C24-A085-DF0E6984182A}.Release|Any CPU.Build.0 = Release|Any CPU
		{A8200709-598A-4C24-A085-DF0E6984182A}.Release|x64.ActiveCfg = Release|Any CPU
		{A8200709-598A-4C24-A085-DF0E6984182A}.Release|x64.Build.0 = Release|Any CPU
		{A8200709-598A-4C24-A085-DF0E6984182A}.Release|x86.ActiveCfg = Release|Any CPU
		{A8200709-598A-4C24-A085-DF0E6984182A}.Release|x86.Build.0 = Release|Any CPU
	EndGlobalSection
	GlobalSection(SolutionProperties) = preSolution
		HideSolutionNode = FALSE
	EndGlobalSection
	GlobalSection(NestedProjects) = preSolution
		{2275F13D-124D-4F2C-AE7C-A4F382CC48ED} = {827E0CD3-B72D-47B6-A68D-7590B98EB39B}
		{631B2EB7-C9CF-477C-93F4-8CFFB604627A} = {827E0CD3-B72D-47B6-A68D-7590B98EB39B}
		{B8F886C0-AE74-409C-9C68-DD32A047A2CA} = {827E0CD3-B72D-47B6-A68D-7590B98EB39B}
		{6AB2F628-BC6F-4036-A7E0-C13884B7D004} = {827E0CD3-B72D-47B6-A68D-7590B98EB39B}
		{A03BC252-18FE-413B-A744-01C8FB0F648D} = {827E0CD3-B72D-47B6-A68D-7590B98EB39B}
		{6789D89E-FCFF-42F9-8C0E-91FC3BF1097E} = {0AB3BF05-4346-4AA6-1389-037BE0695223}
		{40777BA9-A94A-4E32-B98C-A13F88D8E705} = {0AB3BF05-4346-4AA6-1389-037BE0695223}
		{32F8B336-DDD1-4224-BA52-2DCDAEBB5CE5} = {0AB3BF05-4346-4AA6-1389-037BE0695223}
		{A8200709-598A-4C24-A085-DF0E6984182A} = {0AB3BF05-4346-4AA6-1389-037BE0695223}
	EndGlobalSection
EndGlobal
